
Microsoft Visual Studio Solution File, Format Version 12.00
# Visual Studio 15
VisualStudioVersion = 15.0.28307.102
MinimumVisualStudioVersion = 10.0.40219.1
Project("{FAE04EC0-301F-11D3-BF4B-00C04F79EFBC}") = "WindowsFormsApp2", "WindowsFormsApp2\WindowsFormsApp2.csproj", "{C769C33C-E551-4C89-8EBC-9AD35561D1C2}"
	ProjectSection(ProjectDependencies) = postProject
		{CE7E17B7-7280-4B3F-9720-E24CF6B0A28F} = {CE7E17B7-7280-4B3F-9720-E24CF6B0A28F}
	EndProjectSection
EndProject
Project("{FAE04EC0-301F-11D3-BF4B-00C04F79EFBC}") = "WcfServiceLibrary1", "WcfServiceLibrary1\WcfServiceLibrary1.csproj", "{CE7E17B7-7280-4B3F-9720-E24CF6B0A28F}"
EndProject
Global
	GlobalSection(SolutionConfigurationPlatforms) = preSolution
		Debug|Any CPU = Debug|Any CPU
		Release|Any CPU = Release|Any CPU
	EndGlobalSection
	GlobalSection(ProjectConfigurationPlatforms) = postSolution
		{C769C33C-E551-4C89-8EBC-9AD35561D1C2}.Debug|Any CPU.ActiveCfg = Debug|Any CPU
		{C769C33C-E551-4C89-8EBC-9AD35561D1C2}.Debug|Any CPU.Build.0 = Debug|Any CPU
		{C769C33C-E551-4C89-8EBC-9AD35561D1C2}.Release|Any CPU.ActiveCfg = Release|Any CPU
		{C769C33C-E551-4C89-8EBC-9AD35561D1C2}.Release|Any CPU.Build.0 = Release|Any CPU
		{CE7E17B7-7280-4B3F-9720-E24CF6B0A28F}.Debug|Any CPU.ActiveCfg = Debug|Any CPU
		{CE7E17B7-7280-4B3F-9720-E24CF6B0A28F}.Debug|Any CPU.Build.0 = Debug|Any CPU
		{CE7E17B7-7280-4B3F-9720-E24CF6B0A28F}.Release|Any CPU.ActiveCfg = Release|Any CPU
		{CE7E17B7-7280-4B3F-9720-E24CF6B0A28F}.Release|Any CPU.Build.0 = Release|Any CPU
	EndGlobalSection
	GlobalSection(SolutionProperties) = preSolution
		HideSolutionNode = FALSE
	EndGlobalSection
	GlobalSection(ExtensibilityGlobals) = postSolution
		SolutionGuid = {7E39D60F-E8F4-4858-B3B0-15D9C9573D7C}
	EndGlobalSection
EndGlobal
